
Microsoft Visual Studio Solution File, Format Version 12.00
# Visual Studio Version 16
VisualStudioVersion = 16.0.30804.86
MinimumVisualStudioVersion = 10.0.40219.1
Project("{FAE04EC0-301F-11D3-BF4B-00C04F79EFBC}") = "Blipper", "Blipper\Blipper.csproj", "{3C4301A4-5CE5-44B2-8A0B-CB47F4732CD9}"
EndProject
Global
	GlobalSection(SolutionConfigurationPlatforms) = preSolution
		Debug|Any CPU = Debug|Any CPU
		Release|Any CPU = Release|Any CPU
	EndGlobalSection
	GlobalSection(ProjectConfigurationPlatforms) = postSolution
		{3C4301A4-5CE5-44B2-8A0B-CB47F4732CD9}.Debug|Any CPU.ActiveCfg = Debug|Any CPU
		{3C4301A4-5CE5-44B2-8A0B-CB47F4732CD9}.Debug|Any CPU.Build.0 = Debug|Any CPU
		{3C4301A4-5CE5-44B2-8A0B-CB47F4732CD9}.Release|Any CPU.ActiveCfg = Release|Any CPU
		{3C4301A4-5CE5-44B2-8A0B-CB47F4732CD9}.Release|Any CPU.Build.0 = Release|Any CPU
	EndGlobalSection
	GlobalSection(SolutionProperties) = preSolution
		HideSolutionNode = FALSE
	EndGlobalSection
	GlobalSection(ExtensibilityGlobals) = postSolution
		SolutionGuid = {B3BFB0FF-D8A0-42C5-87A7-3C84D6EE5004}
	EndGlobalSection
EndGlobal
